// !$*UTF8*$!
{
	archiveVersion = 1;
	classes = {
	};
	objectVersion = 55;
	objects = {

/* Begin PBXBuildFile section */
		C2463AD027F9EA190045451E /* AppDelegate.swift in Sources */ = {isa = PBXBuildFile; fileRef = C2463ACF27F9EA190045451E /* AppDelegate.swift */; };
		C2463AD227F9EA190045451E /* SceneDelegate.swift in Sources */ = {isa = PBXBuildFile; fileRef = C2463AD127F9EA190045451E /* SceneDelegate.swift */; };
		C2463AD427F9EA190045451E /* ViewController.swift in Sources */ = {isa = PBXBuildFile; fileRef = C2463AD327F9EA190045451E /* ViewController.swift */; };
		C2463AD927F9EA1A0045451E /* Assets.xcassets in Resources */ = {isa = PBXBuildFile; fileRef = C2463AD827F9EA1A0045451E /* Assets.xcassets */; };
		C2463ADC27F9EA1A0045451E /* LaunchScreen.storyboard in Resources */ = {isa = PBXBuildFile; fileRef = C2463ADA27F9EA1A0045451E /* LaunchScreen.storyboard */; };
		C2463AE827F9EAFF0045451E /* WeatherStructs.swift in Sources */ = {isa = PBXBuildFile; fileRef = C2463AE727F9EAFF0045451E /* WeatherStructs.swift */; };
		C2463AEA27F9ED770045451E /* APIClass.swift in Sources */ = {isa = PBXBuildFile; fileRef = C2463AE927F9ED770045451E /* APIClass.swift */; };
		C2463AEC27F9F3D30045451E /* WeatherScreen.storyboard in Resources */ = {isa = PBXBuildFile; fileRef = C2463AEB27F9F3D30045451E /* WeatherScreen.storyboard */; };
		C25BD939281990EE005F46A8 /* DateTempTableViewCell.swift in Sources */ = {isa = PBXBuildFile; fileRef = C25BD937281990EE005F46A8 /* DateTempTableViewCell.swift */; };
		C25BD93A281990EE005F46A8 /* DateTempTableViewCell.xib in Resources */ = {isa = PBXBuildFile; fileRef = C25BD938281990EE005F46A8 /* DateTempTableViewCell.xib */; };
		C270981327F9F4D300E7024E /* Main.storyboard in Resources */ = {isa = PBXBuildFile; fileRef = C270981227F9F4D300E7024E /* Main.storyboard */; };
		C270981527FA166200E7024E /* ViewController+CoreDelegate.swift in Sources */ = {isa = PBXBuildFile; fileRef = C270981427FA166200E7024E /* ViewController+CoreDelegate.swift */; };
		C2BB9CBE2819D57B0060537E /* TodayWeatherViewController.swift in Sources */ = {isa = PBXBuildFile; fileRef = C2BB9CBD2819D57B0060537E /* TodayWeatherViewController.swift */; };
		C2BB9CC02819D59A0060537E /* TodayWeatherScreen.storyboard in Resources */ = {isa = PBXBuildFile; fileRef = C2BB9CBF2819D59A0060537E /* TodayWeatherScreen.storyboard */; };
		C2BB9CC32819D6F60060537E /* TodayWeatherTableViewCell.swift in Sources */ = {isa = PBXBuildFile; fileRef = C2BB9CC12819D6F60060537E /* TodayWeatherTableViewCell.swift */; };
		C2BB9CC42819D6F60060537E /* TodayWeatherTableViewCell.xib in Resources */ = {isa = PBXBuildFile; fileRef = C2BB9CC22819D6F60060537E /* TodayWeatherTableViewCell.xib */; };
/* End PBXBuildFile section */

/* Begin PBXFileReference section */
		C2463ACC27F9EA190045451E /* WeatherApp.app */ = {isa = PBXFileReference; explicitFileType = wrapper.application; includeInIndex = 0; path = WeatherApp.app; sourceTree = BUILT_PRODUCTS_DIR; };
		C2463ACF27F9EA190045451E /* AppDelegate.swift */ = {isa = PBXFileReference; lastKnownFileType = sourcecode.swift; path = AppDelegate.swift; sourceTree = "<group>"; };
		C2463AD127F9EA190045451E /* SceneDelegate.swift */ = {isa = PBXFileReference; lastKnownFileType = sourcecode.swift; path = SceneDelegate.swift; sourceTree = "<group>"; };
		C2463AD327F9EA190045451E /* ViewController.swift */ = {isa = PBXFileReference; lastKnownFileType = sourcecode.swift; path = ViewController.swift; sourceTree = "<group>"; };
		C2463AD827F9EA1A0045451E /* Assets.xcassets */ = {isa = PBXFileReference; lastKnownFileType = folder.assetcatalog; path = Assets.xcassets; sourceTree = "<group>"; };
		C2463ADB27F9EA1A0045451E /* Base */ = {isa = PBXFileReference; lastKnownFileType = file.storyboard; name = Base; path = Base.lproj/LaunchScreen.storyboard; sourceTree = "<group>"; };
		C2463ADD27F9EA1A0045451E /* Info.plist */ = {isa = PBXFileReference; lastKnownFileType = text.plist.xml; path = Info.plist; sourceTree = "<group>"; };
		C2463AE727F9EAFF0045451E /* WeatherStructs.swift */ = {isa = PBXFileReference; lastKnownFileType = sourcecode.swift; path = WeatherStructs.swift; sourceTree = "<group>"; };
		C2463AE927F9ED770045451E /* APIClass.swift */ = {isa = PBXFileReference; lastKnownFileType = sourcecode.swift; path = APIClass.swift; sourceTree = "<group>"; };
		C2463AEB27F9F3D30045451E /* WeatherScreen.storyboard */ = {isa = PBXFileReference; lastKnownFileType = file.storyboard; path = WeatherScreen.storyboard; sourceTree = "<group>"; };
		C25BD937281990EE005F46A8 /* DateTempTableViewCell.swift */ = {isa = PBXFileReference; lastKnownFileType = sourcecode.swift; path = DateTempTableViewCell.swift; sourceTree = "<group>"; };
		C25BD938281990EE005F46A8 /* DateTempTableViewCell.xib */ = {isa = PBXFileReference; lastKnownFileType = file.xib; path = DateTempTableViewCell.xib; sourceTree = "<group>"; };
		C270981227F9F4D300E7024E /* Main.storyboard */ = {isa = PBXFileReference; lastKnownFileType = file.storyboard; path = Main.storyboard; sourceTree = "<group>"; };
		C270981427FA166200E7024E /* ViewController+CoreDelegate.swift */ = {isa = PBXFileReference; lastKnownFileType = sourcecode.swift; path = "ViewController+CoreDelegate.swift"; sourceTree = "<group>"; };
		C2BB9CBD2819D57B0060537E /* TodayWeatherViewController.swift */ = {isa = PBXFileReference; lastKnownFileType = sourcecode.swift; path = TodayWeatherViewController.swift; sourceTree = "<group>"; };
		C2BB9CBF2819D59A0060537E /* TodayWeatherScreen.storyboard */ = {isa = PBXFileReference; lastKnownFileType = file.storyboard; path = TodayWeatherScreen.storyboard; sourceTree = "<group>"; };
		C2BB9CC12819D6F60060537E /* TodayWeatherTableViewCell.swift */ = {isa = PBXFileReference; lastKnownFileType = sourcecode.swift; path = TodayWeatherTableViewCell.swift; sourceTree = "<group>"; };
		C2BB9CC22819D6F60060537E /* TodayWeatherTableViewCell.xib */ = {isa = PBXFileReference; lastKnownFileType = file.xib; path = TodayWeatherTableViewCell.xib; sourceTree = "<group>"; };
/* End PBXFileReference section */

/* Begin PBXFrameworksBuildPhase section */
		C2463AC927F9EA190045451E /* Frameworks */ = {
			isa = PBXFrameworksBuildPhase;
			buildActionMask = 2147483647;
			files = (
			);
			runOnlyForDeploymentPostprocessing = 0;
		};
/* End PBXFrameworksBuildPhase section */

/* Begin PBXGroup section */
		C2463AC327F9EA190045451E = {
			isa = PBXGroup;
			children = (
				C2463ACE27F9EA190045451E /* WeatherApp */,
				C2463ACD27F9EA190045451E /* Products */,
			);
			sourceTree = "<group>";
		};
		C2463ACD27F9EA190045451E /* Products */ = {
			isa = PBXGroup;
			children = (
				C2463ACC27F9EA190045451E /* WeatherApp.app */,
			);
			name = Products;
			sourceTree = "<group>";
		};
		C2463ACE27F9EA190045451E /* WeatherApp */ = {
			isa = PBXGroup;
			children = (
				C2463AE627F9EAE90045451E /* Controller */,
				C2463AE527F9EADD0045451E /* View */,
				C2463AE327F9EACA0045451E /* Model */,
				C2463ACF27F9EA190045451E /* AppDelegate.swift */,
				C2463AD127F9EA190045451E /* SceneDelegate.swift */,
				C2463AD827F9EA1A0045451E /* Assets.xcassets */,
				C2463ADA27F9EA1A0045451E /* LaunchScreen.storyboard */,
				C2463ADD27F9EA1A0045451E /* Info.plist */,
				C270981227F9F4D300E7024E /* Main.storyboard */,
			);
			path = WeatherApp;
			sourceTree = "<group>";
		};
		C2463AE327F9EACA0045451E /* Model */ = {
			isa = PBXGroup;
			children = (
				C2463AE727F9EAFF0045451E /* WeatherStructs.swift */,
				C2463AE927F9ED770045451E /* APIClass.swift */,
			);
			path = Model;
			sourceTree = "<group>";
		};
		C2463AE527F9EADD0045451E /* View */ = {
			isa = PBXGroup;
			children = (
				C2463AEB27F9F3D30045451E /* WeatherScreen.storyboard */,
				C2BB9CBF2819D59A0060537E /* TodayWeatherScreen.storyboard */,
				C25BD93628198E3B005F46A8 /* Xib */,
			);
			path = View;
			sourceTree = "<group>";
		};
		C2463AE627F9EAE90045451E /* Controller */ = {
			isa = PBXGroup;
			children = (
				C2BB9CBD2819D57B0060537E /* TodayWeatherViewController.swift */,
				C2463AD327F9EA190045451E /* ViewController.swift */,
				C270981427FA166200E7024E /* ViewController+CoreDelegate.swift */,
				C25BD93B281990F6005F46A8 /* CellControllers */,
			);
			path = Controller;
			sourceTree = "<group>";
		};
		C25BD93628198E3B005F46A8 /* Xib */ = {
			isa = PBXGroup;
			children = (
				C25BD938281990EE005F46A8 /* DateTempTableViewCell.xib */,
				C2BB9CC22819D6F60060537E /* TodayWeatherTableViewCell.xib */,
			);
			path = Xib;
			sourceTree = "<group>";
		};
		C25BD93B281990F6005F46A8 /* CellControllers */ = {
			isa = PBXGroup;
			children = (
				C2BB9CC12819D6F60060537E /* TodayWeatherTableViewCell.swift */,
				C25BD937281990EE005F46A8 /* DateTempTableViewCell.swift */,
			);
			path = CellControllers;
			sourceTree = "<group>";
		};
/* End PBXGroup section */

/* Begin PBXNativeTarget section */
		C2463ACB27F9EA190045451E /* WeatherApp */ = {
			isa = PBXNativeTarget;
			buildConfigurationList = C2463AE027F9EA1A0045451E /* Build configuration list for PBXNativeTarget "WeatherApp" */;
			buildPhases = (
				C2463AC827F9EA190045451E /* Sources */,
				C2463AC927F9EA190045451E /* Frameworks */,
				C2463ACA27F9EA190045451E /* Resources */,
			);
			buildRules = (
			);
			dependencies = (
			);
			name = WeatherApp;
			productName = WeatherApp;
			productReference = C2463ACC27F9EA190045451E /* WeatherApp.app */;
			productType = "com.apple.product-type.application";
		};
/* End PBXNativeTarget section */

/* Begin PBXProject section */
		C2463AC427F9EA190045451E /* Project object */ = {
			isa = PBXProject;
			attributes = {
				BuildIndependentTargetsInParallel = 1;
				LastSwiftUpdateCheck = 1300;
				LastUpgradeCheck = 1300;
				TargetAttributes = {
					C2463ACB27F9EA190045451E = {
						CreatedOnToolsVersion = 13.0;
					};
				};
			};
			buildConfigurationList = C2463AC727F9EA190045451E /* Build configuration list for PBXProject "WeatherApp" */;
			compatibilityVersion = "Xcode 13.0";
			developmentRegion = en;
			hasScannedForEncodings = 0;
			knownRegions = (
				en,
				Base,
			);
			mainGroup = C2463AC327F9EA190045451E;
			productRefGroup = C2463ACD27F9EA190045451E /* Products */;
			projectDirPath = "";
			projectRoot = "";
			targets = (
				C2463ACB27F9EA190045451E /* WeatherApp */,
			);
		};
/* End PBXProject section */

/* Begin PBXResourcesBuildPhase section */
		C2463ACA27F9EA190045451E /* Resources */ = {
			isa = PBXResourcesBuildPhase;
			buildActionMask = 2147483647;
			files = (
				C2463ADC27F9EA1A0045451E /* LaunchScreen.storyboard in Resources */,
				C2BB9CC02819D59A0060537E /* TodayWeatherScreen.storyboard in Resources */,
				C25BD93A281990EE005F46A8 /* DateTempTableViewCell.xib in Resources */,
				C2463AD927F9EA1A0045451E /* Assets.xcassets in Resources */,
				C2BB9CC42819D6F60060537E /* TodayWeatherTableViewCell.xib in Resources */,
				C2463AEC27F9F3D30045451E /* WeatherScreen.storyboard in Resources */,
				C270981327F9F4D300E7024E /* Main.storyboard in Resources */,
			);
			runOnlyForDeploymentPostprocessing = 0;
		};
/* End PBXResourcesBuildPhase section */

/* Begin PBXSourcesBuildPhase section */
		C2463AC827F9EA190045451E /* Sources */ = {
			isa = PBXSourcesBuildPhase;
			buildActionMask = 2147483647;
			files = (
				C2BB9CC32819D6F60060537E /* TodayWeatherTableViewCell.swift in Sources */,
				C270981527FA166200E7024E /* ViewController+CoreDelegate.swift in Sources */,
				C2463AD427F9EA190045451E /* ViewController.swift in Sources */,
				C2463AD027F9EA190045451E /* AppDelegate.swift in Sources */,
				C25BD939281990EE005F46A8 /* DateTempTableViewCell.swift in Sources */,
				C2463AD227F9EA190045451E /* SceneDelegate.swift in Sources */,
				C2463AEA27F9ED770045451E /* APIClass.swift in Sources */,
				C2BB9CBE2819D57B0060537E /* TodayWeatherViewController.swift in Sources */,
				C2463AE827F9EAFF0045451E /* WeatherStructs.swift in Sources */,
			);
			runOnlyForDeploymentPostprocessing = 0;
		};
/* End PBXSourcesBuildPhase section */

/* Begin PBXVariantGroup section */
		C2463ADA27F9EA1A0045451E /* LaunchScreen.storyboard */ = {
			isa = PBXVariantGroup;
			children = (
				C2463ADB27F9EA1A0045451E /* Base */,
			);
			name = LaunchScreen.storyboard;
			sourceTree = "<group>";
		};
/* End PBXVariantGroup section */

/* Begin XCBuildConfiguration section */
		C2463ADE27F9EA1A0045451E /* Debug */ = {
			isa = XCBuildConfiguration;
			buildSettings = {
				ALWAYS_SEARCH_USER_PATHS = NO;
				CLANG_ANALYZER_NONNULL = YES;
				CLANG_ANALYZER_NUMBER_OBJECT_CONVERSION = YES_AGGRESSIVE;
				CLANG_CXX_LANGUAGE_STANDARD = "gnu++17";
				CLANG_CXX_LIBRARY = "libc++";
				CLANG_ENABLE_MODULES = YES;
				CLANG_ENABLE_OBJC_ARC = YES;
				CLANG_ENABLE_OBJC_WEAK = YES;
				CLANG_WARN_BLOCK_CAPTURE_AUTORELEASING = YES;
				CLANG_WARN_BOOL_CONVERSION = YES;
				CLANG_WARN_COMMA = YES;
				CLANG_WARN_CONSTANT_CONVERSION = YES;
				CLANG_WARN_DEPRECATED_OBJC_IMPLEMENTATIONS = YES;
				CLANG_WARN_DIRECT_OBJC_ISA_USAGE = YES_ERROR;
				CLANG_WARN_DOCUMENTATION_COMMENTS = YES;
				CLANG_WARN_EMPTY_BODY = YES;
				CLANG_WARN_ENUM_CONVERSION = YES;
				CLANG_WARN_INFINITE_RECURSION = YES;
				CLANG_WARN_INT_CONVERSION = YES;
				CLANG_WARN_NON_LITERAL_NULL_CONVERSION = YES;
				CLANG_WARN_OBJC_IMPLICIT_RETAIN_SELF = YES;
				CLANG_WARN_OBJC_LITERAL_CONVERSION = YES;
				CLANG_WARN_OBJC_ROOT_CLASS = YES_ERROR;
				CLANG_WARN_QUOTED_INCLUDE_IN_FRAMEWORK_HEADER = YES;
				CLANG_WARN_RANGE_LOOP_ANALYSIS = YES;
				CLANG_WARN_STRICT_PROTOTYPES = YES;
				CLANG_WARN_SUSPICIOUS_MOVE = YES;
				CLANG_WARN_UNGUARDED_AVAILABILITY = YES_AGGRESSIVE;
				CLANG_WARN_UNREACHABLE_CODE = YES;
				CLANG_WARN__DUPLICATE_METHOD_MATCH = YES;
				COPY_PHASE_STRIP = NO;
				DEBUG_INFORMATION_FORMAT = dwarf;
				ENABLE_STRICT_OBJC_MSGSEND = YES;
				ENABLE_TESTABILITY = YES;
				GCC_C_LANGUAGE_STANDARD = gnu11;
				GCC_DYNAMIC_NO_PIC = NO;
				GCC_NO_COMMON_BLOCKS = YES;
				GCC_OPTIMIZATION_LEVEL = 0;
				GCC_PREPROCESSOR_DEFINITIONS = (
					"DEBUG=1",
					"$(inherited)",
				);
				GCC_WARN_64_TO_32_BIT_CONVERSION = YES;
				GCC_WARN_ABOUT_RETURN_TYPE = YES_ERROR;
				GCC_WARN_UNDECLARED_SELECTOR = YES;
				GCC_WARN_UNINITIALIZED_AUTOS = YES_AGGRESSIVE;
				GCC_WARN_UNUSED_FUNCTION = YES;
				GCC_WARN_UNUSED_VARIABLE = YES;
				IPHONEOS_DEPLOYMENT_TARGET = 15.0;
				MTL_ENABLE_DEBUG_INFO = INCLUDE_SOURCE;
				MTL_FAST_MATH = YES;
				ONLY_ACTIVE_ARCH = YES;
				SDKROOT = iphoneos;
				SWIFT_ACTIVE_COMPILATION_CONDITIONS = DEBUG;
				SWIFT_OPTIMIZATION_LEVEL = "-Onone";
			};
			name = Debug;
		};
		C2463ADF27F9EA1A0045451E /* Release */ = {
			isa = XCBuildConfiguration;
			buildSettings = {
				ALWAYS_SEARCH_USER_PATHS = NO;
				CLANG_ANALYZER_NONNULL = YES;
				CLANG_ANALYZER_NUMBER_OBJECT_CONVERSION = YES_AGGRESSIVE;
				CLANG_CXX_LANGUAGE_STANDARD = "gnu++17";
				CLANG_CXX_LIBRARY = "libc++";
				CLANG_ENABLE_MODULES = YES;
				CLANG_ENABLE_OBJC_ARC = YES;
				CLANG_ENABLE_OBJC_WEAK = YES;
				CLANG_WARN_BLOCK_CAPTURE_AUTORELEASING = YES;
				CLANG_WARN_BOOL_CONVERSION = YES;
				CLANG_WARN_COMMA = YES;
				CLANG_WARN_CONSTANT_CONVERSION = YES;
				CLANG_WARN_DEPRECATED_OBJC_IMPLEMENTATIONS = YES;
				CLANG_WARN_DIRECT_OBJC_ISA_USAGE = YES_ERROR;
				CLANG_WARN_DOCUMENTATION_COMMENTS = YES;
				CLANG_WARN_EMPTY_BODY = YES;
				CLANG_WARN_ENUM_CONVERSION = YES;
				CLANG_WARN_INFINITE_RECURSION = YES;
				CLANG_WARN_INT_CONVERSION = YES;
				CLANG_WARN_NON_LITERAL_NULL_CONVERSION = YES;
				CLANG_WARN_OBJC_IMPLICIT_RETAIN_SELF = YES;
				CLANG_WARN_OBJC_LITERAL_CONVERSION = YES;
				CLANG_WARN_OBJC_ROOT_CLASS = YES_ERROR;
				CLANG_WARN_QUOTED_INCLUDE_IN_FRAMEWORK_HEADER = YES;
				CLANG_WARN_RANGE_LOOP_ANALYSIS = YES;
				CLANG_WARN_STRICT_PROTOTYPES = YES;
				CLANG_WARN_SUSPICIOUS_MOVE = YES;
				CLANG_WARN_UNGUARDED_AVAILABILITY = YES_AGGRESSIVE;
				CLANG_WARN_UNREACHABLE_CODE = YES;
				CLANG_WARN__DUPLICATE_METHOD_MATCH = YES;
				COPY_PHASE_STRIP = NO;
				DEBUG_INFORMATION_FORMAT = "dwarf-with-dsym";
				ENABLE_NS_ASSERTIONS = NO;
				ENABLE_STRICT_OBJC_MSGSEND = YES;
				GCC_C_LANGUAGE_STANDARD = gnu11;
				GCC_NO_COMMON_BLOCKS = YES;
				GCC_WARN_64_TO_32_BIT_CONVERSION = YES;
				GCC_WARN_ABOUT_RETURN_TYPE = YES_ERROR;
				GCC_WARN_UNDECLARED_SELECTOR = YES;
				GCC_WARN_UNINITIALIZED_AUTOS = YES_AGGRESSIVE;
				GCC_WARN_UNUSED_FUNCTION = YES;
				GCC_WARN_UNUSED_VARIABLE = YES;
				IPHONEOS_DEPLOYMENT_TARGET = 15.0;
				MTL_ENABLE_DEBUG_INFO = NO;
				MTL_FAST_MATH = YES;
				SDKROOT = iphoneos;
				SWIFT_COMPILATION_MODE = wholemodule;
				SWIFT_OPTIMIZATION_LEVEL = "-O";
				VALIDATE_PRODUCT = YES;
			};
			name = Release;
		};
		C2463AE127F9EA1A0045451E /* Debug */ = {
			isa = XCBuildConfiguration;
			buildSettings = {
				ASSETCATALOG_COMPILER_APPICON_NAME = AppIcon;
				ASSETCATALOG_COMPILER_GLOBAL_ACCENT_COLOR_NAME = AccentColor;
				CODE_SIGN_STYLE = Automatic;
				CURRENT_PROJECT_VERSION = 1;
				GENERATE_INFOPLIST_FILE = YES;
				INFOPLIST_FILE = WeatherApp/Info.plist;
				INFOPLIST_KEY_UIApplicationSupportsIndirectInputEvents = YES;
				INFOPLIST_KEY_UILaunchStoryboardName = LaunchScreen;
				INFOPLIST_KEY_UIMainStoryboardFile = Main;
				INFOPLIST_KEY_UISupportedInterfaceOrientations_iPad = "UIInterfaceOrientationPortrait UIInterfaceOrientationPortraitUpsideDown UIInterfaceOrientationLandscapeLeft UIInterfaceOrientationLandscapeRight";
				INFOPLIST_KEY_UISupportedInterfaceOrientations_iPhone = "UIInterfaceOrientationPortrait UIInterfaceOrientationLandscapeLeft UIInterfaceOrientationLandscapeRight";
				LD_RUNPATH_SEARCH_PATHS = (
					"$(inherited)",
					"@executable_path/Frameworks",
				);
				MARKETING_VERSION = 1.0;
				PRODUCT_BUNDLE_IDENTIFIER = com.nathan.student.WeatherApp;
				PRODUCT_NAME = "$(TARGET_NAME)";
				SWIFT_EMIT_LOC_STRINGS = YES;
				SWIFT_VERSION = 5.0;
				TARGETED_DEVICE_FAMILY = "1,2";
			};
			name = Debug;
		};
		C2463AE227F9EA1A0045451E /* Release */ = {
			isa = XCBuildConfiguration;
			buildSettings = {
				ASSETCATALOG_COMPILER_APPICON_NAME = AppIcon;
				ASSETCATALOG_COMPILER_GLOBAL_ACCENT_COLOR_NAME = AccentColor;
				CODE_SIGN_STYLE = Automatic;
				CURRENT_PROJECT_VERSION = 1;
				GENERATE_INFOPLIST_FILE = YES;
				INFOPLIST_FILE = WeatherApp/Info.plist;
				INFOPLIST_KEY_UIApplicationSupportsIndirectInputEvents = YES;
				INFOPLIST_KEY_UILaunchStoryboardName = LaunchScreen;
				INFOPLIST_KEY_UIMainStoryboardFile = Main;
				INFOPLIST_KEY_UISupportedInterfaceOrientations_iPad = "UIInterfaceOrientationPortrait UIInterfaceOrientationPortraitUpsideDown UIInterfaceOrientationLandscapeLeft UIInterfaceOrientationLandscapeRight";
				INFOPLIST_KEY_UISupportedInterfaceOrientations_iPhone = "UIInterfaceOrientationPortrait UIInterfaceOrientationLandscapeLeft UIInterfaceOrientationLandscapeRight";
				LD_RUNPATH_SEARCH_PATHS = (
					"$(inherited)",
					"@executable_path/Frameworks",
				);
				MARKETING_VERSION = 1.0;
				PRODUCT_BUNDLE_IDENTIFIER = com.nathan.student.WeatherApp;
				PRODUCT_NAME = "$(TARGET_NAME)";
				SWIFT_EMIT_LOC_STRINGS = YES;
				SWIFT_VERSION = 5.0;
				TARGETED_DEVICE_FAMILY = "1,2";
			};
			name = Release;
		};
/* End XCBuildConfiguration section */

/* Begin XCConfigurationList section */
		C2463AC727F9EA190045451E /* Build configuration list for PBXProject "WeatherApp" */ = {
			isa = XCConfigurationList;
			buildConfigurations = (
				C2463ADE27F9EA1A0045451E /* Debug */,
				C2463ADF27F9EA1A0045451E /* Release */,
			);
			defaultConfigurationIsVisible = 0;
			defaultConfigurationName = Release;
		};
		C2463AE027F9EA1A0045451E /* Build configuration list for PBXNativeTarget "WeatherApp" */ = {
			isa = XCConfigurationList;
			buildConfigurations = (
				C2463AE127F9EA1A0045451E /* Debug */,
				C2463AE227F9EA1A0045451E /* Release */,
			);
			defaultConfigurationIsVisible = 0;
			defaultConfigurationName = Release;
		};
/* End XCConfigurationList section */
	};
	rootObject = C2463AC427F9EA190045451E /* Project object */;
}
